<Solution>
  <Folder Name="/src/">
    <Project Path="src/UruFacturaSDK/UruFacturaSDK.csproj" />
  </Folder>
  <Folder Name="/tests/">
    <Project Path="tests/UruFacturaSDK.Tests/UruFacturaSDK.Tests.csproj" />
  </Folder>
  <Folder Name="/uerp/">
    <Project Path="uerp/UruErpApp.AppHost/UruErpApp.AppHost.csproj" />
    <Project Path="uerp/UruErpApp.Api/UruErpApp.Api.csproj" />
  </Folder>
</Solution>
