<Solution>
  <Folder Name="/src/">
    <Project Path="src/UruFacturaSDK/UruFacturaSDK.csproj" />
  </Folder>
  <Folder Name="/tests/">
    <Project Path="tests/UruFacturaSDK.Tests/UruFacturaSDK.Tests.csproj" />
  </Folder>
  <Folder Name="/saas/">
    <Project Path="saas/SaasApp.AppHost/SaasApp.AppHost.csproj" />
    <Project Path="saas/SaasApp.Api/SaasApp.Api.csproj" />
  </Folder>
</Solution>
