<Solution>
  <Folder Name="/src/">
    <Project Path="src/UruFacturaSDK/UruFacturaSDK.csproj" />
    <Project Path="src/UruFacturaSDK.Lite/UruFacturaSDK.Lite.csproj" />
    <Project Path="src/UruFactura.CloudflareApi/UruFactura.CloudflareApi.csproj" />
    <Project Path="src/UruFactura.TestApi/UruFactura.TestApi.csproj" />
  </Folder>
  <Folder Name="/tests/">
    <Project Path="tests/UruFacturaSDK.Tests/UruFacturaSDK.Tests.csproj" />
  </Folder>
</Solution>
